
Microsoft Visual Studio Solution File, Format Version 12.00
# Visual Studio Version 17
VisualStudioVersion = 17.5.002.0
MinimumVisualStudioVersion = 10.0.40219.1
Project("{9A19103F-16F7-4668-BE54-9A1E7A4F7556}") = "dotnet-minapi-boilerplate", "dotnet-minapi-boilerplate.csproj", "{A069291D-5B80-4945-8857-5D399D1A1399}"
EndProject
Global
	GlobalSection(SolutionConfigurationPlatforms) = preSolution
		Debug|Any CPU = Debug|Any CPU
		Release|Any CPU = Release|Any CPU
	EndGlobalSection
	GlobalSection(ProjectConfigurationPlatforms) = postSolution
		{A069291D-5B80-4945-8857-5D399D1A1399}.Debug|Any CPU.ActiveCfg = Debug|Any CPU
		{A069291D-5B80-4945-8857-5D399D1A1399}.Debug|Any CPU.Build.0 = Debug|Any CPU
		{A069291D-5B80-4945-8857-5D399D1A1399}.Release|Any CPU.ActiveCfg = Release|Any CPU
		{A069291D-5B80-4945-8857-5D399D1A1399}.Release|Any CPU.Build.0 = Release|Any CPU
	EndGlobalSection
	GlobalSection(SolutionProperties) = preSolution
		HideSolutionNode = FALSE
	EndGlobalSection
	GlobalSection(ExtensibilityGlobals) = postSolution
		SolutionGuid = {FCC8A3CF-9DAC-42AF-9C6D-CB6772A439D6}
	EndGlobalSection
EndGlobal
